PODS:
  - CatalogByConvention (2.1.1)
  - MotionInterchange (1.0.0)

DEPENDENCIES:
  - CatalogByConvention
  - MotionInterchange (from `./`)

EXTERNAL SOURCES:
  MotionInterchange:
    :path: "./"

SPEC CHECKSUMS:
  CatalogByConvention: c3a5319de04250a7cd4649127fcfca5fe3322a43
  MotionInterchange: cc9f36ff14ccd09d02355075b37180da7cc8c6d2

PODFILE CHECKSUM: 7d831c9a7180819c6cacb28890e444c8f8199915

COCOAPODS: 1.2.1
