PODS:
  - CatalogByConvention (2.5.2)
  - MotionInterchange (4.0.0)

DEPENDENCIES:
  - CatalogByConvention
  - MotionInterchange (from `./`)

SPEC REPOS:
  trunk:
    - CatalogByConvention

EXTERNAL SOURCES:
  MotionInterchange:
    :path: "./"

SPEC CHECKSUMS:
  CatalogByConvention: ef713654160053be026fa4648dd28caf6b5ca4e1
  MotionInterchange: cfe99ee1e149f20f86e9a8c4be17e2f0fbefda40

PODFILE CHECKSUM: aea7b8b75a397821880e2ba54fc4cf979d21cd99

COCOAPODS: 1.10.1
